
Microsoft Visual Studio Solution File, Format Version 12.00
# Visual Studio Version 17
VisualStudioVersion = 17.13.35913.81 d17.13
MinimumVisualStudioVersion = 10.0.40219.1
Project("{FAE04EC0-301F-11D3-BF4B-00C04F79EFBC}") = "ComposersAPI", "ComposersAPI\ComposersAPI.csproj", "{AB3A9DAE-6CD4-48ED-AEAA-A3EF48F1DE93}"
EndProject
Global
	GlobalSection(SolutionConfigurationPlatforms) = preSolution
		Debug|Any CPU = Debug|Any CPU
		Release|Any CPU = Release|Any CPU
	EndGlobalSection
	GlobalSection(ProjectConfigurationPlatforms) = postSolution
		{AB3A9DAE-6CD4-48ED-AEAA-A3EF48F1DE93}.Debug|Any CPU.ActiveCfg = Debug|Any CPU
		{AB3A9DAE-6CD4-48ED-AEAA-A3EF48F1DE93}.Debug|Any CPU.Build.0 = Debug|Any CPU
		{AB3A9DAE-6CD4-48ED-AEAA-A3EF48F1DE93}.Release|Any CPU.ActiveCfg = Release|Any CPU
		{AB3A9DAE-6CD4-48ED-AEAA-A3EF48F1DE93}.Release|Any CPU.Build.0 = Release|Any CPU
	EndGlobalSection
	GlobalSection(SolutionProperties) = preSolution
		HideSolutionNode = FALSE
	EndGlobalSection
	GlobalSection(ExtensibilityGlobals) = postSolution
		SolutionGuid = {85C82CA3-F5A7-4880-8305-E7747AD18229}
	EndGlobalSection
EndGlobal
